
Microsoft Visual Studio Solution File, Format Version 12.00
# Visual Studio Version 17
VisualStudioVersion = 17.4.33205.214
MinimumVisualStudioVersion = 10.0.40219.1
Project("{2150E333-8FDC-42A3-9474-1A3956D46DE8}") = "ManagementAPISolution", "ManagementAPISolution", "{63FD1BBA-D74A-44ED-922F-7502F526931D}"
EndProject
Project("{FAE04EC0-301F-11D3-BF4B-00C04F79EFBC}") = "DNApi", "ManagementDNApi\ManagementDNApi.csproj", "{A4339359-936C-4590-AEB4-1AC9678BAAD2}"
EndProject
Project("{FAE04EC0-301F-11D3-BF4B-00C04F79EFBC}") = "BusinessLogicLayer", "ManagementBusinessLogicLayer\ManagementBusinessLogicLayer.csproj", "{89982B28-3F63-426F-B9E5-FC48772F903A}"
EndProject
Project("{FAE04EC0-301F-11D3-BF4B-00C04F79EFBC}") = "DataLayer", "ManagementDataLayer\ManagementDataLayer.csproj", "{4E2F073D-01E7-41F0-AD1C-CDF2AF24C1A5}"
EndProject
Project("{FAE04EC0-301F-11D3-BF4B-00C04F79EFBC}") = "DoctorServiceTest", "ManagementDoctorServiceTest\ManagementDoctorServiceTest.csproj", "{E30F44A8-E3E0-4A0B-8E38-3F4C78D4884C}"
EndProject
Project("{FAE04EC0-301F-11D3-BF4B-00C04F79EFBC}") = "NurseServiceTest", "ManagementNurseServiceTest\ManagementNurseServiceTest.csproj", "{2E9DD60E-B3B6-4046-B8FF-216F97C0F62D}"
EndProject
Project("{FAE04EC0-301F-11D3-BF4B-00C04F79EFBC}") = "NurseModels", "ManagementNurseModels\ManagementNurseModels.csproj", "{236C159B-403A-403D-8085-3A1F1D3A19A5}"
EndProject
Project("{FAE04EC0-301F-11D3-BF4B-00C04F79EFBC}") = "Models", "ManagementModels\ManagementModels.csproj", "{585776F4-450C-443E-B6D1-6977D2DD93F7}"
EndProject
Global
	GlobalSection(SolutionProperties) = preSolution
		HideSolutionNode = FALSE
	EndGlobalSection
	GlobalSection(ExtensibilityGlobals) = postSolution
		SolutionGuid = {8B6168D2-6B10-4CAD-82F7-AB8B5BA6C6EA}
	EndGlobalSection
	GlobalSection(SolutionConfigurationPlatforms) = preSolution
		Debug|Any CPU = Debug|Any CPU
		Debug|x64 = Debug|x64
		Debug|x86 = Debug|x86
		Release|Any CPU = Release|Any CPU
		Release|x64 = Release|x64
		Release|x86 = Release|x86
	EndGlobalSection
	GlobalSection(ProjectConfigurationPlatforms) = postSolution
		{A4339359-936C-4590-AEB4-1AC9678BAAD2}.Debug|Any CPU.ActiveCfg = Debug|Any CPU
		{A4339359-936C-4590-AEB4-1AC9678BAAD2}.Debug|Any CPU.Build.0 = Debug|Any CPU
		{A4339359-936C-4590-AEB4-1AC9678BAAD2}.Debug|x64.ActiveCfg = Debug|Any CPU
		{A4339359-936C-4590-AEB4-1AC9678BAAD2}.Debug|x64.Build.0 = Debug|Any CPU
		{A4339359-936C-4590-AEB4-1AC9678BAAD2}.Debug|x86.ActiveCfg = Debug|Any CPU
		{A4339359-936C-4590-AEB4-1AC9678BAAD2}.Debug|x86.Build.0 = Debug|Any CPU
		{A4339359-936C-4590-AEB4-1AC9678BAAD2}.Release|Any CPU.ActiveCfg = Release|Any CPU
		{A4339359-936C-4590-AEB4-1AC9678BAAD2}.Release|Any CPU.Build.0 = Release|Any CPU
		{A4339359-936C-4590-AEB4-1AC9678BAAD2}.Release|x64.ActiveCfg = Release|Any CPU
		{A4339359-936C-4590-AEB4-1AC9678BAAD2}.Release|x64.Build.0 = Release|Any CPU
		{A4339359-936C-4590-AEB4-1AC9678BAAD2}.Release|x86.ActiveCfg = Release|Any CPU
		{A4339359-936C-4590-AEB4-1AC9678BAAD2}.Release|x86.Build.0 = Release|Any CPU
		{89982B28-3F63-426F-B9E5-FC48772F903A}.Debug|Any CPU.ActiveCfg = Debug|Any CPU
		{89982B28-3F63-426F-B9E5-FC48772F903A}.Debug|Any CPU.Build.0 = Debug|Any CPU
		{89982B28-3F63-426F-B9E5-FC48772F903A}.Debug|x64.ActiveCfg = Debug|Any CPU
		{89982B28-3F63-426F-B9E5-FC48772F903A}.Debug|x64.Build.0 = Debug|Any CPU
		{89982B28-3F63-426F-B9E5-FC48772F903A}.Debug|x86.ActiveCfg = Debug|Any CPU
		{89982B28-3F63-426F-B9E5-FC48772F903A}.Debug|x86.Build.0 = Debug|Any CPU
		{89982B28-3F63-426F-B9E5-FC48772F903A}.Release|Any CPU.ActiveCfg = Release|Any CPU
		{89982B28-3F63-426F-B9E5-FC48772F903A}.Release|Any CPU.Build.0 = Release|Any CPU
		{89982B28-3F63-426F-B9E5-FC48772F903A}.Release|x64.ActiveCfg = Release|Any CPU
		{89982B28-3F63-426F-B9E5-FC48772F903A}.Release|x64.Build.0 = Release|Any CPU
		{89982B28-3F63-426F-B9E5-FC48772F903A}.Release|x86.ActiveCfg = Release|Any CPU
		{89982B28-3F63-426F-B9E5-FC48772F903A}.Release|x86.Build.0 = Release|Any CPU
		{4E2F073D-01E7-41F0-AD1C-CDF2AF24C1A5}.Debug|Any CPU.ActiveCfg = Debug|Any CPU
		{4E2F073D-01E7-41F0-AD1C-CDF2AF24C1A5}.Debug|Any CPU.Build.0 = Debug|Any CPU
		{4E2F073D-01E7-41F0-AD1C-CDF2AF24C1A5}.Debug|x64.ActiveCfg = Debug|Any CPU
		{4E2F073D-01E7-41F0-AD1C-CDF2AF24C1A5}.Debug|x64.Build.0 = Debug|Any CPU
		{4E2F073D-01E7-41F0-AD1C-CDF2AF24C1A5}.Debug|x86.ActiveCfg = Debug|Any CPU
		{4E2F073D-01E7-41F0-AD1C-CDF2AF24C1A5}.Debug|x86.Build.0 = Debug|Any CPU
		{4E2F073D-01E7-41F0-AD1C-CDF2AF24C1A5}.Release|Any CPU.ActiveCfg = Release|Any CPU
		{4E2F073D-01E7-41F0-AD1C-CDF2AF24C1A5}.Release|Any CPU.Build.0 = Release|Any CPU
		{4E2F073D-01E7-41F0-AD1C-CDF2AF24C1A5}.Release|x64.ActiveCfg = Release|Any CPU
		{4E2F073D-01E7-41F0-AD1C-CDF2AF24C1A5}.Release|x64.Build.0 = Release|Any CPU
		{4E2F073D-01E7-41F0-AD1C-CDF2AF24C1A5}.Release|x86.ActiveCfg = Release|Any CPU
		{4E2F073D-01E7-41F0-AD1C-CDF2AF24C1A5}.Release|x86.Build.0 = Release|Any CPU
		{E30F44A8-E3E0-4A0B-8E38-3F4C78D4884C}.Debug|Any CPU.ActiveCfg = Debug|Any CPU
		{E30F44A8-E3E0-4A0B-8E38-3F4C78D4884C}.Debug|Any CPU.Build.0 = Debug|Any CPU
		{E30F44A8-E3E0-4A0B-8E38-3F4C78D4884C}.Debug|x64.ActiveCfg = Debug|Any CPU
		{E30F44A8-E3E0-4A0B-8E38-3F4C78D4884C}.Debug|x64.Build.0 = Debug|Any CPU
		{E30F44A8-E3E0-4A0B-8E38-3F4C78D4884C}.Debug|x86.ActiveCfg = Debug|Any CPU
		{E30F44A8-E3E0-4A0B-8E38-3F4C78D4884C}.Debug|x86.Build.0 = Debug|Any CPU
		{E30F44A8-E3E0-4A0B-8E38-3F4C78D4884C}.Release|Any CPU.ActiveCfg = Release|Any CPU
		{E30F44A8-E3E0-4A0B-8E38-3F4C78D4884C}.Release|Any CPU.Build.0 = Release|Any CPU
		{E30F44A8-E3E0-4A0B-8E38-3F4C78D4884C}.Release|x64.ActiveCfg = Release|Any CPU
		{E30F44A8-E3E0-4A0B-8E38-3F4C78D4884C}.Release|x64.Build.0 = Release|Any CPU
		{E30F44A8-E3E0-4A0B-8E38-3F4C78D4884C}.Release|x86.ActiveCfg = Release|Any CPU
		{E30F44A8-E3E0-4A0B-8E38-3F4C78D4884C}.Release|x86.Build.0 = Release|Any CPU
		{2E9DD60E-B3B6-4046-B8FF-216F97C0F62D}.Debug|Any CPU.ActiveCfg = Debug|Any CPU
		{2E9DD60E-B3B6-4046-B8FF-216F97C0F62D}.Debug|Any CPU.Build.0 = Debug|Any CPU
		{2E9DD60E-B3B6-4046-B8FF-216F97C0F62D}.Debug|x64.ActiveCfg = Debug|Any CPU
		{2E9DD60E-B3B6-4046-B8FF-216F97C0F62D}.Debug|x64.Build.0 = Debug|Any CPU
		{2E9DD60E-B3B6-4046-B8FF-216F97C0F62D}.Debug|x86.ActiveCfg = Debug|Any CPU
		{2E9DD60E-B3B6-4046-B8FF-216F97C0F62D}.Debug|x86.Build.0 = Debug|Any CPU
		{2E9DD60E-B3B6-4046-B8FF-216F97C0F62D}.Release|Any CPU.ActiveCfg = Release|Any CPU
		{2E9DD60E-B3B6-4046-B8FF-216F97C0F62D}.Release|Any CPU.Build.0 = Release|Any CPU
		{2E9DD60E-B3B6-4046-B8FF-216F97C0F62D}.Release|x64.ActiveCfg = Release|Any CPU
		{2E9DD60E-B3B6-4046-B8FF-216F97C0F62D}.Release|x64.Build.0 = Release|Any CPU
		{2E9DD60E-B3B6-4046-B8FF-216F97C0F62D}.Release|x86.ActiveCfg = Release|Any CPU
		{2E9DD60E-B3B6-4046-B8FF-216F97C0F62D}.Release|x86.Build.0 = Release|Any CPU
		{236C159B-403A-403D-8085-3A1F1D3A19A5}.Debug|Any CPU.ActiveCfg = Debug|Any CPU
		{236C159B-403A-403D-8085-3A1F1D3A19A5}.Debug|Any CPU.Build.0 = Debug|Any CPU
		{236C159B-403A-403D-8085-3A1F1D3A19A5}.Debug|x64.ActiveCfg = Debug|Any CPU
		{236C159B-403A-403D-8085-3A1F1D3A19A5}.Debug|x64.Build.0 = Debug|Any CPU
		{236C159B-403A-403D-8085-3A1F1D3A19A5}.Debug|x86.ActiveCfg = Debug|Any CPU
		{236C159B-403A-403D-8085-3A1F1D3A19A5}.Debug|x86.Build.0 = Debug|Any CPU
		{236C159B-403A-403D-8085-3A1F1D3A19A5}.Release|Any CPU.ActiveCfg = Release|Any CPU
		{236C159B-403A-403D-8085-3A1F1D3A19A5}.Release|Any CPU.Build.0 = Release|Any CPU
		{236C159B-403A-403D-8085-3A1F1D3A19A5}.Release|x64.ActiveCfg = Release|Any CPU
		{236C159B-403A-403D-8085-3A1F1D3A19A5}.Release|x64.Build.0 = Release|Any CPU
		{236C159B-403A-403D-8085-3A1F1D3A19A5}.Release|x86.ActiveCfg = Release|Any CPU
		{236C159B-403A-403D-8085-3A1F1D3A19A5}.Release|x86.Build.0 = Release|Any CPU
		{585776F4-450C-443E-B6D1-6977D2DD93F7}.Debug|Any CPU.ActiveCfg = Debug|Any CPU
		{585776F4-450C-443E-B6D1-6977D2DD93F7}.Debug|Any CPU.Build.0 = Debug|Any CPU
		{585776F4-450C-443E-B6D1-6977D2DD93F7}.Debug|x64.ActiveCfg = Debug|Any CPU
		{585776F4-450C-443E-B6D1-6977D2DD93F7}.Debug|x64.Build.0 = Debug|Any CPU
		{585776F4-450C-443E-B6D1-6977D2DD93F7}.Debug|x86.ActiveCfg = Debug|Any CPU
		{585776F4-450C-443E-B6D1-6977D2DD93F7}.Debug|x86.Build.0 = Debug|Any CPU
		{585776F4-450C-443E-B6D1-6977D2DD93F7}.Release|Any CPU.ActiveCfg = Release|Any CPU
		{585776F4-450C-443E-B6D1-6977D2DD93F7}.Release|Any CPU.Build.0 = Release|Any CPU
		{585776F4-450C-443E-B6D1-6977D2DD93F7}.Release|x64.ActiveCfg = Release|Any CPU
		{585776F4-450C-443E-B6D1-6977D2DD93F7}.Release|x64.Build.0 = Release|Any CPU
		{585776F4-450C-443E-B6D1-6977D2DD93F7}.Release|x86.ActiveCfg = Release|Any CPU
		{585776F4-450C-443E-B6D1-6977D2DD93F7}.Release|x86.Build.0 = Release|Any CPU
	EndGlobalSection
	GlobalSection(NestedProjects) = preSolution
		{A4339359-936C-4590-AEB4-1AC9678BAAD2} = {63FD1BBA-D74A-44ED-922F-7502F526931D}
		{89982B28-3F63-426F-B9E5-FC48772F903A} = {63FD1BBA-D74A-44ED-922F-7502F526931D}
		{4E2F073D-01E7-41F0-AD1C-CDF2AF24C1A5} = {63FD1BBA-D74A-44ED-922F-7502F526931D}
		{E30F44A8-E3E0-4A0B-8E38-3F4C78D4884C} = {63FD1BBA-D74A-44ED-922F-7502F526931D}
		{2E9DD60E-B3B6-4046-B8FF-216F97C0F62D} = {63FD1BBA-D74A-44ED-922F-7502F526931D}
		{236C159B-403A-403D-8085-3A1F1D3A19A5} = {63FD1BBA-D74A-44ED-922F-7502F526931D}
		{585776F4-450C-443E-B6D1-6977D2DD93F7} = {63FD1BBA-D74A-44ED-922F-7502F526931D}
	EndGlobalSection
EndGlobal
